
Microsoft Visual Studio Solution File, Format Version 12.00
# Visual Studio 2013
VisualStudioVersion = 12.0.30723.0
MinimumVisualStudioVersion = 10.0.40219.1
Project("{FAE04EC0-301F-11D3-BF4B-00C04F79EFBC}") = "AgilityWall.WinStore", "AgilityWall.WinStore\AgilityWall.WinStore.csproj", "{DB5156C4-EE0F-4FA1-942C-D16AC600BEAA}"
EndProject
Project("{FAE04EC0-301F-11D3-BF4B-00C04F79EFBC}") = "AgilityWall.WinPhone", "AgilityWall.WinPhone\AgilityWall.WinPhone.csproj", "{B74985C5-D805-43C7-B83B-905EAFD94602}"
EndProject
Project("{FAE04EC0-301F-11D3-BF4B-00C04F79EFBC}") = "AgilityWall.Core", "AgilityWall.Core\AgilityWall.Core.csproj", "{F3CA2D72-C993-4CA5-9481-651824DA64E2}"
EndProject
Project("{2150E333-8FDC-42A3-9474-1A3956D46DE8}") = "Shared", "Shared", "{130A4E4D-3F80-4CC3-BC7F-7D191F70F853}"
EndProject
Project("{2150E333-8FDC-42A3-9474-1A3956D46DE8}") = "Client", "Client", "{EFF741C9-324C-42C2-A89F-E237B8BCD2EB}"
EndProject
Project("{FAE04EC0-301F-11D3-BF4B-00C04F79EFBC}") = "PortableTrello", "PortableTrello\PortableTrello.csproj", "{93FA04F0-783C-4D46-B1F3-B5B48E6D8F36}"
EndProject
Project("{2150E333-8FDC-42A3-9474-1A3956D46DE8}") = ".nuget", ".nuget", "{6210C707-9085-45B2-A7A2-02277A1357FD}"
	ProjectSection(SolutionItems) = preProject
		.nuget\NuGet.Config = .nuget\NuGet.Config
		.nuget\NuGet.exe = .nuget\NuGet.exe
		.nuget\NuGet.targets = .nuget\NuGet.targets
	EndProjectSection
EndProject
Project("{2150E333-8FDC-42A3-9474-1A3956D46DE8}") = "Tests", "Tests", "{ADE63385-3DC0-4695-96AD-36E91315A6FA}"
EndProject
Project("{FAE04EC0-301F-11D3-BF4B-00C04F79EFBC}") = "PortableTrello.Tests", "PortableTrello.Tests\PortableTrello.Tests.csproj", "{5C7BB0AD-82AF-4DC8-B426-FDB3D1ABE7D3}"
EndProject
Project("{FAE04EC0-301F-11D3-BF4B-00C04F79EFBC}") = "AgilityWall.Core.Tests", "AgilityWall.Core.Tests\AgilityWall.Core.Tests.csproj", "{208C114C-F90D-48DD-AB97-55F2E26FB22E}"
EndProject
Project("{2150E333-8FDC-42A3-9474-1A3956D46DE8}") = "Xamarin", "Xamarin", "{82BBB0DF-E683-4C1B-92B1-154CC2F8DAB5}"
EndProject
Project("{FAE04EC0-301F-11D3-BF4B-00C04F79EFBC}") = "AgilityWall.Xamarin", "AgilityWall.Xamarin\AgilityWall.Xamarin\AgilityWall.Xamarin.csproj", "{1B35A847-EE13-4A77-8818-326A5B61C3F0}"
EndProject
Project("{FAE04EC0-301F-11D3-BF4B-00C04F79EFBC}") = "AgilityWall.Xamarin.iOS", "AgilityWall.Xamarin\AgilityWall.Xamarin.iOS\AgilityWall.Xamarin.iOS.csproj", "{60CB60CD-F269-46F9-A55A-DBD08B4AB6CF}"
EndProject
Project("{FAE04EC0-301F-11D3-BF4B-00C04F79EFBC}") = "AgilityWall.Xamarin.Android", "AgilityWall.Xamarin\AgilityWall.Xamarin.Android\AgilityWall.Xamarin.Android.csproj", "{54F484E5-27AF-4FD3-880C-4A277ECB999B}"
EndProject
Project("{FAE04EC0-301F-11D3-BF4B-00C04F79EFBC}") = "AgilityWall.Xamarin.WinPhone", "AgilityWall.Xamarin\AgilityWall.Xamarin.WinPhone\AgilityWall.Xamarin.WinPhone.csproj", "{39C7985E-50F1-49F4-BE04-2365F8DD28B7}"
EndProject
Global
	GlobalSection(SolutionConfigurationPlatforms) = preSolution
		Ad-Hoc|Any CPU = Ad-Hoc|Any CPU
		Ad-Hoc|ARM = Ad-Hoc|ARM
		Ad-Hoc|iPhone = Ad-Hoc|iPhone
		Ad-Hoc|iPhoneSimulator = Ad-Hoc|iPhoneSimulator
		Ad-Hoc|Mixed Platforms = Ad-Hoc|Mixed Platforms
		Ad-Hoc|x64 = Ad-Hoc|x64
		Ad-Hoc|x86 = Ad-Hoc|x86
		AppStore|Any CPU = AppStore|Any CPU
		AppStore|ARM = AppStore|ARM
		AppStore|iPhone = AppStore|iPhone
		AppStore|iPhoneSimulator = AppStore|iPhoneSimulator
		AppStore|Mixed Platforms = AppStore|Mixed Platforms
		AppStore|x64 = AppStore|x64
		AppStore|x86 = AppStore|x86
		Debug|Any CPU = Debug|Any CPU
		Debug|ARM = Debug|ARM
		Debug|iPhone = Debug|iPhone
		Debug|iPhoneSimulator = Debug|iPhoneSimulator
		Debug|Mixed Platforms = Debug|Mixed Platforms
		Debug|x64 = Debug|x64
		Debug|x86 = Debug|x86
		Release|Any CPU = Release|Any CPU
		Release|ARM = Release|ARM
		Release|iPhone = Release|iPhone
		Release|iPhoneSimulator = Release|iPhoneSimulator
		Release|Mixed Platforms = Release|Mixed Platforms
		Release|x64 = Release|x64
		Release|x86 = Release|x86
	EndGlobalSection
	GlobalSection(ProjectConfigurationPlatforms) = postSolution
		{DB5156C4-EE0F-4FA1-942C-D16AC600BEAA}.Ad-Hoc|Any CPU.ActiveCfg = Release|Any CPU
		{DB5156C4-EE0F-4FA1-942C-D16AC600BEAA}.Ad-Hoc|Any CPU.Build.0 = Release|Any CPU
		{DB5156C4-EE0F-4FA1-942C-D16AC600BEAA}.Ad-Hoc|Any CPU.Deploy.0 = Release|Any CPU
		{DB5156C4-EE0F-4FA1-942C-D16AC600BEAA}.Ad-Hoc|ARM.ActiveCfg = Release|ARM
		{DB5156C4-EE0F-4FA1-942C-D16AC600BEAA}.Ad-Hoc|ARM.Build.0 = Release|ARM
		{DB5156C4-EE0F-4FA1-942C-D16AC600BEAA}.Ad-Hoc|ARM.Deploy.0 = Release|ARM
		{DB5156C4-EE0F-4FA1-942C-D16AC600BEAA}.Ad-Hoc|iPhone.ActiveCfg = Release|Any CPU
		{DB5156C4-EE0F-4FA1-942C-D16AC600BEAA}.Ad-Hoc|iPhoneSimulator.ActiveCfg = Release|Any CPU
		{DB5156C4-EE0F-4FA1-942C-D16AC600BEAA}.Ad-Hoc|Mixed Platforms.ActiveCfg = Release|x86
		{DB5156C4-EE0F-4FA1-942C-D16AC600BEAA}.Ad-Hoc|Mixed Platforms.Build.0 = Release|x86
		{DB5156C4-EE0F-4FA1-942C-D16AC600BEAA}.Ad-Hoc|Mixed Platforms.Deploy.0 = Release|x86
		{DB5156C4-EE0F-4FA1-942C-D16AC600BEAA}.Ad-Hoc|x64.ActiveCfg = Release|x64
		{DB5156C4-EE0F-4FA1-942C-D16AC600BEAA}.Ad-Hoc|x64.Build.0 = Release|x64
		{DB5156C4-EE0F-4FA1-942C-D16AC600BEAA}.Ad-Hoc|x64.Deploy.0 = Release|x64
		{DB5156C4-EE0F-4FA1-942C-D16AC600BEAA}.Ad-Hoc|x86.ActiveCfg = Release|x86
		{DB5156C4-EE0F-4FA1-942C-D16AC600BEAA}.Ad-Hoc|x86.Build.0 = Release|x86
		{DB5156C4-EE0F-4FA1-942C-D16AC600BEAA}.Ad-Hoc|x86.Deploy.0 = Release|x86
		{DB5156C4-EE0F-4FA1-942C-D16AC600BEAA}.AppStore|Any CPU.ActiveCfg = Release|Any CPU
		{DB5156C4-EE0F-4FA1-942C-D16AC600BEAA}.AppStore|Any CPU.Build.0 = Release|Any CPU
		{DB5156C4-EE0F-4FA1-942C-D16AC600BEAA}.AppStore|Any CPU.Deploy.0 = Release|Any CPU
		{DB5156C4-EE0F-4FA1-942C-D16AC600BEAA}.AppStore|ARM.ActiveCfg = Release|ARM
		{DB5156C4-EE0F-4FA1-942C-D16AC600BEAA}.AppStore|ARM.Build.0 = Release|ARM
		{DB5156C4-EE0F-4FA1-942C-D16AC600BEAA}.AppStore|ARM.Deploy.0 = Release|ARM
		{DB5156C4-EE0F-4FA1-942C-D16AC600BEAA}.AppStore|iPhone.ActiveCfg = Release|Any CPU
		{DB5156C4-EE0F-4FA1-942C-D16AC600BEAA}.AppStore|iPhoneSimulator.ActiveCfg = Release|Any CPU
		{DB5156C4-EE0F-4FA1-942C-D16AC600BEAA}.AppStore|Mixed Platforms.ActiveCfg = Release|x86
		{DB5156C4-EE0F-4FA1-942C-D16AC600BEAA}.AppStore|Mixed Platforms.Build.0 = Release|x86
		{DB5156C4-EE0F-4FA1-942C-D16AC600BEAA}.AppStore|Mixed Platforms.Deploy.0 = Release|x86
		{DB5156C4-EE0F-4FA1-942C-D16AC600BEAA}.AppStore|x64.ActiveCfg = Release|x64
		{DB5156C4-EE0F-4FA1-942C-D16AC600BEAA}.AppStore|x64.Build.0 = Release|x64
		{DB5156C4-EE0F-4FA1-942C-D16AC600BEAA}.AppStore|x64.Deploy.0 = Release|x64
		{DB5156C4-EE0F-4FA1-942C-D16AC600BEAA}.AppStore|x86.ActiveCfg = Release|x86
		{DB5156C4-EE0F-4FA1-942C-D16AC600BEAA}.AppStore|x86.Build.0 = Release|x86
		{DB5156C4-EE0F-4FA1-942C-D16AC600BEAA}.AppStore|x86.Deploy.0 = Release|x86
		{DB5156C4-EE0F-4FA1-942C-D16AC600BEAA}.Debug|Any CPU.ActiveCfg = Debug|Any CPU
		{DB5156C4-EE0F-4FA1-942C-D16AC600BEAA}.Debug|Any CPU.Build.0 = Debug|Any CPU
		{DB5156C4-EE0F-4FA1-942C-D16AC600BEAA}.Debug|Any CPU.Deploy.0 = Debug|Any CPU
		{DB5156C4-EE0F-4FA1-942C-D16AC600BEAA}.Debug|ARM.ActiveCfg = Debug|ARM
		{DB5156C4-EE0F-4FA1-942C-D16AC600BEAA}.Debug|ARM.Build.0 = Debug|ARM
		{DB5156C4-EE0F-4FA1-942C-D16AC600BEAA}.Debug|ARM.Deploy.0 = Debug|ARM
		{DB5156C4-EE0F-4FA1-942C-D16AC600BEAA}.Debug|iPhone.ActiveCfg = Debug|Any CPU
		{DB5156C4-EE0F-4FA1-942C-D16AC600BEAA}.Debug|iPhoneSimulator.ActiveCfg = Debug|Any CPU
		{DB5156C4-EE0F-4FA1-942C-D16AC600BEAA}.Debug|Mixed Platforms.ActiveCfg = Debug|x86
		{DB5156C4-EE0F-4FA1-942C-D16AC600BEAA}.Debug|Mixed Platforms.Build.0 = Debug|x86
		{DB5156C4-EE0F-4FA1-942C-D16AC600BEAA}.Debug|Mixed Platforms.Deploy.0 = Debug|x86
		{DB5156C4-EE0F-4FA1-942C-D16AC600BEAA}.Debug|x64.ActiveCfg = Debug|x64
		{DB5156C4-EE0F-4FA1-942C-D16AC600BEAA}.Debug|x64.Build.0 = Debug|x64
		{DB5156C4-EE0F-4FA1-942C-D16AC600BEAA}.Debug|x64.Deploy.0 = Debug|x64
		{DB5156C4-EE0F-4FA1-942C-D16AC600BEAA}.Debug|x86.ActiveCfg = Debug|x86
		{DB5156C4-EE0F-4FA1-942C-D16AC600BEAA}.Debug|x86.Build.0 = Debug|x86
		{DB5156C4-EE0F-4FA1-942C-D16AC600BEAA}.Debug|x86.Deploy.0 = Debug|x86
		{DB5156C4-EE0F-4FA1-942C-D16AC600BEAA}.Release|Any CPU.ActiveCfg = Release|Any CPU
		{DB5156C4-EE0F-4FA1-942C-D16AC600BEAA}.Release|Any CPU.Build.0 = Release|Any CPU
		{DB5156C4-EE0F-4FA1-942C-D16AC600BEAA}.Release|Any CPU.Deploy.0 = Release|Any CPU
		{DB5156C4-EE0F-4FA1-942C-D16AC600BEAA}.Release|ARM.ActiveCfg = Release|ARM
		{DB5156C4-EE0F-4FA1-942C-D16AC600BEAA}.Release|ARM.Build.0 = Release|ARM
		{DB5156C4-EE0F-4FA1-942C-D16AC600BEAA}.Release|ARM.Deploy.0 = Release|ARM
		{DB5156C4-EE0F-4FA1-942C-D16AC600BEAA}.Release|iPhone.ActiveCfg = Release|Any CPU
		{DB5156C4-EE0F-4FA1-942C-D16AC600BEAA}.Release|iPhoneSimulator.ActiveCfg = Release|Any CPU
		{DB5156C4-EE0F-4FA1-942C-D16AC600BEAA}.Release|Mixed Platforms.ActiveCfg = Release|x86
		{DB5156C4-EE0F-4FA1-942C-D16AC600BEAA}.Release|Mixed Platforms.Build.0 = Release|x86
		{DB5156C4-EE0F-4FA1-942C-D16AC600BEAA}.Release|Mixed Platforms.Deploy.0 = Release|x86
		{DB5156C4-EE0F-4FA1-942C-D16AC600BEAA}.Release|x64.ActiveCfg = Release|x64
		{DB5156C4-EE0F-4FA1-942C-D16AC600BEAA}.Release|x64.Build.0 = Release|x64
		{DB5156C4-EE0F-4FA1-942C-D16AC600BEAA}.Release|x64.Deploy.0 = Release|x64
		{DB5156C4-EE0F-4FA1-942C-D16AC600BEAA}.Release|x86.ActiveCfg = Release|x86
		{DB5156C4-EE0F-4FA1-942C-D16AC600BEAA}.Release|x86.Build.0 = Release|x86
		{DB5156C4-EE0F-4FA1-942C-D16AC600BEAA}.Release|x86.Deploy.0 = Release|x86
		{B74985C5-D805-43C7-B83B-905EAFD94602}.Ad-Hoc|Any CPU.ActiveCfg = Release|Any CPU
		{B74985C5-D805-43C7-B83B-905EAFD94602}.Ad-Hoc|Any CPU.Build.0 = Release|Any CPU
		{B74985C5-D805-43C7-B83B-905EAFD94602}.Ad-Hoc|Any CPU.Deploy.0 = Release|Any CPU
		{B74985C5-D805-43C7-B83B-905EAFD94602}.Ad-Hoc|ARM.ActiveCfg = Release|ARM
		{B74985C5-D805-43C7-B83B-905EAFD94602}.Ad-Hoc|ARM.Build.0 = Release|ARM
		{B74985C5-D805-43C7-B83B-905EAFD94602}.Ad-Hoc|ARM.Deploy.0 = Release|ARM
		{B74985C5-D805-43C7-B83B-905EAFD94602}.Ad-Hoc|iPhone.ActiveCfg = Release|Any CPU
		{B74985C5-D805-43C7-B83B-905EAFD94602}.Ad-Hoc|iPhoneSimulator.ActiveCfg = Release|Any CPU
		{B74985C5-D805-43C7-B83B-905EAFD94602}.Ad-Hoc|Mixed Platforms.ActiveCfg = Release|x86
		{B74985C5-D805-43C7-B83B-905EAFD94602}.Ad-Hoc|Mixed Platforms.Build.0 = Release|x86
		{B74985C5-D805-43C7-B83B-905EAFD94602}.Ad-Hoc|Mixed Platforms.Deploy.0 = Release|x86
		{B74985C5-D805-43C7-B83B-905EAFD94602}.Ad-Hoc|x64.ActiveCfg = Release|Any CPU
		{B74985C5-D805-43C7-B83B-905EAFD94602}.Ad-Hoc|x86.ActiveCfg = Release|x86
		{B74985C5-D805-43C7-B83B-905EAFD94602}.Ad-Hoc|x86.Build.0 = Release|x86
		{B74985C5-D805-43C7-B83B-905EAFD94602}.Ad-Hoc|x86.Deploy.0 = Release|x86
		{B74985C5-D805-43C7-B83B-905EAFD94602}.AppStore|Any CPU.ActiveCfg = Release|Any CPU
		{B74985C5-D805-43C7-B83B-905EAFD94602}.AppStore|Any CPU.Build.0 = Release|Any CPU
		{B74985C5-D805-43C7-B83B-905EAFD94602}.AppStore|Any CPU.Deploy.0 = Release|Any CPU
		{B74985C5-D805-43C7-B83B-905EAFD94602}.AppStore|ARM.ActiveCfg = Release|ARM
		{B74985C5-D805-43C7-B83B-905EAFD94602}.AppStore|ARM.Build.0 = Release|ARM
		{B74985C5-D805-43C7-B83B-905EAFD94602}.AppStore|ARM.Deploy.0 = Release|ARM
		{B74985C5-D805-43C7-B83B-905EAFD94602}.AppStore|iPhone.ActiveCfg = Release|Any CPU
		{B74985C5-D805-43C7-B83B-905EAFD94602}.AppStore|iPhoneSimulator.ActiveCfg = Release|Any CPU
		{B74985C5-D805-43C7-B83B-905EAFD94602}.AppStore|Mixed Platforms.ActiveCfg = Release|x86
		{B74985C5-D805-43C7-B83B-905EAFD94602}.AppStore|Mixed Platforms.Build.0 = Release|x86
		{B74985C5-D805-43C7-B83B-905EAFD94602}.AppStore|Mixed Platforms.Deploy.0 = Release|x86
		{B74985C5-D805-43C7-B83B-905EAFD94602}.AppStore|x64.ActiveCfg = Release|Any CPU
		{B74985C5-D805-43C7-B83B-905EAFD94602}.AppStore|x86.ActiveCfg = Release|x86
		{B74985C5-D805-43C7-B83B-905EAFD94602}.AppStore|x86.Build.0 = Release|x86
		{B74985C5-D805-43C7-B83B-905EAFD94602}.AppStore|x86.Deploy.0 = Release|x86
		{B74985C5-D805-43C7-B83B-905EAFD94602}.Debug|Any CPU.ActiveCfg = Debug|Any CPU
		{B74985C5-D805-43C7-B83B-905EAFD94602}.Debug|Any CPU.Build.0 = Debug|Any CPU
		{B74985C5-D805-43C7-B83B-905EAFD94602}.Debug|Any CPU.Deploy.0 = Debug|Any CPU
		{B74985C5-D805-43C7-B83B-905EAFD94602}.Debug|ARM.ActiveCfg = Debug|ARM
		{B74985C5-D805-43C7-B83B-905EAFD94602}.Debug|ARM.Build.0 = Debug|ARM
		{B74985C5-D805-43C7-B83B-905EAFD94602}.Debug|ARM.Deploy.0 = Debug|ARM
		{B74985C5-D805-43C7-B83B-905EAFD94602}.Debug|iPhone.ActiveCfg = Debug|Any CPU
		{B74985C5-D805-43C7-B83B-905EAFD94602}.Debug|iPhoneSimulator.ActiveCfg = Debug|Any CPU
		{B74985C5-D805-43C7-B83B-905EAFD94602}.Debug|Mixed Platforms.ActiveCfg = Debug|x86
		{B74985C5-D805-43C7-B83B-905EAFD94602}.Debug|Mixed Platforms.Build.0 = Debug|x86
		{B74985C5-D805-43C7-B83B-905EAFD94602}.Debug|Mixed Platforms.Deploy.0 = Debug|x86
		{B74985C5-D805-43C7-B83B-905EAFD94602}.Debug|x64.ActiveCfg = Debug|Any CPU
		{B74985C5-D805-43C7-B83B-905EAFD94602}.Debug|x86.ActiveCfg = Debug|x86
		{B74985C5-D805-43C7-B83B-905EAFD94602}.Debug|x86.Build.0 = Debug|x86
		{B74985C5-D805-43C7-B83B-905EAFD94602}.Debug|x86.Deploy.0 = Debug|x86
		{B74985C5-D805-43C7-B83B-905EAFD94602}.Release|Any CPU.ActiveCfg = Release|Any CPU
		{B74985C5-D805-43C7-B83B-905EAFD94602}.Release|Any CPU.Build.0 = Release|Any CPU
		{B74985C5-D805-43C7-B83B-905EAFD94602}.Release|Any CPU.Deploy.0 = Release|Any CPU
		{B74985C5-D805-43C7-B83B-905EAFD94602}.Release|ARM.ActiveCfg = Release|ARM
		{B74985C5-D805-43C7-B83B-905EAFD94602}.Release|ARM.Build.0 = Release|ARM
		{B74985C5-D805-43C7-B83B-905EAFD94602}.Release|ARM.Deploy.0 = Release|ARM
		{B74985C5-D805-43C7-B83B-905EAFD94602}.Release|iPhone.ActiveCfg = Release|Any CPU
		{B74985C5-D805-43C7-B83B-905EAFD94602}.Release|iPhoneSimulator.ActiveCfg = Release|Any CPU
		{B74985C5-D805-43C7-B83B-905EAFD94602}.Release|Mixed Platforms.ActiveCfg = Release|x86
		{B74985C5-D805-43C7-B83B-905EAFD94602}.Release|Mixed Platforms.Build.0 = Release|x86
		{B74985C5-D805-43C7-B83B-905EAFD94602}.Release|Mixed Platforms.Deploy.0 = Release|x86
		{B74985C5-D805-43C7-B83B-905EAFD94602}.Release|x64.ActiveCfg = Release|Any CPU
		{B74985C5-D805-43C7-B83B-905EAFD94602}.Release|x86.ActiveCfg = Release|x86
		{B74985C5-D805-43C7-B83B-905EAFD94602}.Release|x86.Build.0 = Release|x86
		{B74985C5-D805-43C7-B83B-905EAFD94602}.Release|x86.Deploy.0 = Release|x86
		{F3CA2D72-C993-4CA5-9481-651824DA64E2}.Ad-Hoc|Any CPU.ActiveCfg = Release|Any CPU
		{F3CA2D72-C993-4CA5-9481-651824DA64E2}.Ad-Hoc|Any CPU.Build.0 = Release|Any CPU
		{F3CA2D72-C993-4CA5-9481-651824DA64E2}.Ad-Hoc|ARM.ActiveCfg = Release|Any CPU
		{F3CA2D72-C993-4CA5-9481-651824DA64E2}.Ad-Hoc|iPhone.ActiveCfg = Release|Any CPU
		{F3CA2D72-C993-4CA5-9481-651824DA64E2}.Ad-Hoc|iPhoneSimulator.ActiveCfg = Release|Any CPU
		{F3CA2D72-C993-4CA5-9481-651824DA64E2}.Ad-Hoc|Mixed Platforms.ActiveCfg = Release|Any CPU
		{F3CA2D72-C993-4CA5-9481-651824DA64E2}.Ad-Hoc|Mixed Platforms.Build.0 = Release|Any CPU
		{F3CA2D72-C993-4CA5-9481-651824DA64E2}.Ad-Hoc|x64.ActiveCfg = Release|Any CPU
		{F3CA2D72-C993-4CA5-9481-651824DA64E2}.Ad-Hoc|x86.ActiveCfg = Release|Any CPU
		{F3CA2D72-C993-4CA5-9481-651824DA64E2}.AppStore|Any CPU.ActiveCfg = Release|Any CPU
		{F3CA2D72-C993-4CA5-9481-651824DA64E2}.AppStore|Any CPU.Build.0 = Release|Any CPU
		{F3CA2D72-C993-4CA5-9481-651824DA64E2}.AppStore|ARM.ActiveCfg = Release|Any CPU
		{F3CA2D72-C993-4CA5-9481-651824DA64E2}.AppStore|iPhone.ActiveCfg = Release|Any CPU
		{F3CA2D72-C993-4CA5-9481-651824DA64E2}.AppStore|iPhoneSimulator.ActiveCfg = Release|Any CPU
		{F3CA2D72-C993-4CA5-9481-651824DA64E2}.AppStore|Mixed Platforms.ActiveCfg = Release|Any CPU
		{F3CA2D72-C993-4CA5-9481-651824DA64E2}.AppStore|Mixed Platforms.Build.0 = Release|Any CPU
		{F3CA2D72-C993-4CA5-9481-651824DA64E2}.AppStore|x64.ActiveCfg = Release|Any CPU
		{F3CA2D72-C993-4CA5-9481-651824DA64E2}.AppStore|x86.ActiveCfg = Release|Any CPU
		{F3CA2D72-C993-4CA5-9481-651824DA64E2}.Debug|Any CPU.ActiveCfg = Debug|Any CPU
		{F3CA2D72-C993-4CA5-9481-651824DA64E2}.Debug|Any CPU.Build.0 = Debug|Any CPU
		{F3CA2D72-C993-4CA5-9481-651824DA64E2}.Debug|ARM.ActiveCfg = Debug|Any CPU
		{F3CA2D72-C993-4CA5-9481-651824DA64E2}.Debug|iPhone.ActiveCfg = Debug|Any CPU
		{F3CA2D72-C993-4CA5-9481-651824DA64E2}.Debug|iPhoneSimulator.ActiveCfg = Debug|Any CPU
		{F3CA2D72-C993-4CA5-9481-651824DA64E2}.Debug|Mixed Platforms.ActiveCfg = Debug|Any CPU
		{F3CA2D72-C993-4CA5-9481-651824DA64E2}.Debug|Mixed Platforms.Build.0 = Debug|Any CPU
		{F3CA2D72-C993-4CA5-9481-651824DA64E2}.Debug|x64.ActiveCfg = Debug|Any CPU
		{F3CA2D72-C993-4CA5-9481-651824DA64E2}.Debug|x86.ActiveCfg = Debug|Any CPU
		{F3CA2D72-C993-4CA5-9481-651824DA64E2}.Release|Any CPU.ActiveCfg = Release|Any CPU
		{F3CA2D72-C993-4CA5-9481-651824DA64E2}.Release|Any CPU.Build.0 = Release|Any CPU
		{F3CA2D72-C993-4CA5-9481-651824DA64E2}.Release|ARM.ActiveCfg = Release|Any CPU
		{F3CA2D72-C993-4CA5-9481-651824DA64E2}.Release|iPhone.ActiveCfg = Release|Any CPU
		{F3CA2D72-C993-4CA5-9481-651824DA64E2}.Release|iPhoneSimulator.ActiveCfg = Release|Any CPU
		{F3CA2D72-C993-4CA5-9481-651824DA64E2}.Release|Mixed Platforms.ActiveCfg = Release|Any CPU
		{F3CA2D72-C993-4CA5-9481-651824DA64E2}.Release|Mixed Platforms.Build.0 = Release|Any CPU
		{F3CA2D72-C993-4CA5-9481-651824DA64E2}.Release|x64.ActiveCfg = Release|Any CPU
		{F3CA2D72-C993-4CA5-9481-651824DA64E2}.Release|x86.ActiveCfg = Release|Any CPU
		{93FA04F0-783C-4D46-B1F3-B5B48E6D8F36}.Ad-Hoc|Any CPU.ActiveCfg = Release|Any CPU
		{93FA04F0-783C-4D46-B1F3-B5B48E6D8F36}.Ad-Hoc|Any CPU.Build.0 = Release|Any CPU
		{93FA04F0-783C-4D46-B1F3-B5B48E6D8F36}.Ad-Hoc|ARM.ActiveCfg = Release|Any CPU
		{93FA04F0-783C-4D46-B1F3-B5B48E6D8F36}.Ad-Hoc|iPhone.ActiveCfg = Release|Any CPU
		{93FA04F0-783C-4D46-B1F3-B5B48E6D8F36}.Ad-Hoc|iPhoneSimulator.ActiveCfg = Release|Any CPU
		{93FA04F0-783C-4D46-B1F3-B5B48E6D8F36}.Ad-Hoc|Mixed Platforms.ActiveCfg = Release|Any CPU
		{93FA04F0-783C-4D46-B1F3-B5B48E6D8F36}.Ad-Hoc|Mixed Platforms.Build.0 = Release|Any CPU
		{93FA04F0-783C-4D46-B1F3-B5B48E6D8F36}.Ad-Hoc|x64.ActiveCfg = Release|Any CPU
		{93FA04F0-783C-4D46-B1F3-B5B48E6D8F36}.Ad-Hoc|x86.ActiveCfg = Release|Any CPU
		{93FA04F0-783C-4D46-B1F3-B5B48E6D8F36}.AppStore|Any CPU.ActiveCfg = Release|Any CPU
		{93FA04F0-783C-4D46-B1F3-B5B48E6D8F36}.AppStore|Any CPU.Build.0 = Release|Any CPU
		{93FA04F0-783C-4D46-B1F3-B5B48E6D8F36}.AppStore|ARM.ActiveCfg = Release|Any CPU
		{93FA04F0-783C-4D46-B1F3-B5B48E6D8F36}.AppStore|iPhone.ActiveCfg = Release|Any CPU
		{93FA04F0-783C-4D46-B1F3-B5B48E6D8F36}.AppStore|iPhoneSimulator.ActiveCfg = Release|Any CPU
		{93FA04F0-783C-4D46-B1F3-B5B48E6D8F36}.AppStore|Mixed Platforms.ActiveCfg = Release|Any CPU
		{93FA04F0-783C-4D46-B1F3-B5B48E6D8F36}.AppStore|Mixed Platforms.Build.0 = Release|Any CPU
		{93FA04F0-783C-4D46-B1F3-B5B48E6D8F36}.AppStore|x64.ActiveCfg = Release|Any CPU
		{93FA04F0-783C-4D46-B1F3-B5B48E6D8F36}.AppStore|x86.ActiveCfg = Release|Any CPU
		{93FA04F0-783C-4D46-B1F3-B5B48E6D8F36}.Debug|Any CPU.ActiveCfg = Debug|Any CPU
		{93FA04F0-783C-4D46-B1F3-B5B48E6D8F36}.Debug|Any CPU.Build.0 = Debug|Any CPU
		{93FA04F0-783C-4D46-B1F3-B5B48E6D8F36}.Debug|ARM.ActiveCfg = Debug|Any CPU
		{93FA04F0-783C-4D46-B1F3-B5B48E6D8F36}.Debug|iPhone.ActiveCfg = Debug|Any CPU
		{93FA04F0-783C-4D46-B1F3-B5B48E6D8F36}.Debug|iPhoneSimulator.ActiveCfg = Debug|Any CPU
		{93FA04F0-783C-4D46-B1F3-B5B48E6D8F36}.Debug|Mixed Platforms.ActiveCfg = Debug|Any CPU
		{93FA04F0-783C-4D46-B1F3-B5B48E6D8F36}.Debug|Mixed Platforms.Build.0 = Debug|Any CPU
		{93FA04F0-783C-4D46-B1F3-B5B48E6D8F36}.Debug|x64.ActiveCfg = Debug|Any CPU
		{93FA04F0-783C-4D46-B1F3-B5B48E6D8F36}.Debug|x86.ActiveCfg = Debug|Any CPU
		{93FA04F0-783C-4D46-B1F3-B5B48E6D8F36}.Release|Any CPU.ActiveCfg = Release|Any CPU
		{93FA04F0-783C-4D46-B1F3-B5B48E6D8F36}.Release|Any CPU.Build.0 = Release|Any CPU
		{93FA04F0-783C-4D46-B1F3-B5B48E6D8F36}.Release|ARM.ActiveCfg = Release|Any CPU
		{93FA04F0-783C-4D46-B1F3-B5B48E6D8F36}.Release|iPhone.ActiveCfg = Release|Any CPU
		{93FA04F0-783C-4D46-B1F3-B5B48E6D8F36}.Release|iPhoneSimulator.ActiveCfg = Release|Any CPU
		{93FA04F0-783C-4D46-B1F3-B5B48E6D8F36}.Release|Mixed Platforms.ActiveCfg = Release|Any CPU
		{93FA04F0-783C-4D46-B1F3-B5B48E6D8F36}.Release|Mixed Platforms.Build.0 = Release|Any CPU
		{93FA04F0-783C-4D46-B1F3-B5B48E6D8F36}.Release|x64.ActiveCfg = Release|Any CPU
		{93FA04F0-783C-4D46-B1F3-B5B48E6D8F36}.Release|x86.ActiveCfg = Release|Any CPU
		{5C7BB0AD-82AF-4DC8-B426-FDB3D1ABE7D3}.Ad-Hoc|Any CPU.ActiveCfg = Release|Any CPU
		{5C7BB0AD-82AF-4DC8-B426-FDB3D1ABE7D3}.Ad-Hoc|Any CPU.Build.0 = Release|Any CPU
		{5C7BB0AD-82AF-4DC8-B426-FDB3D1ABE7D3}.Ad-Hoc|ARM.ActiveCfg = Release|Any CPU
		{5C7BB0AD-82AF-4DC8-B426-FDB3D1ABE7D3}.Ad-Hoc|iPhone.ActiveCfg = Release|Any CPU
		{5C7BB0AD-82AF-4DC8-B426-FDB3D1ABE7D3}.Ad-Hoc|iPhoneSimulator.ActiveCfg = Release|Any CPU
		{5C7BB0AD-82AF-4DC8-B426-FDB3D1ABE7D3}.Ad-Hoc|Mixed Platforms.ActiveCfg = Release|Any CPU
		{5C7BB0AD-82AF-4DC8-B426-FDB3D1ABE7D3}.Ad-Hoc|Mixed Platforms.Build.0 = Release|Any CPU
		{5C7BB0AD-82AF-4DC8-B426-FDB3D1ABE7D3}.Ad-Hoc|x64.ActiveCfg = Release|Any CPU
		{5C7BB0AD-82AF-4DC8-B426-FDB3D1ABE7D3}.Ad-Hoc|x86.ActiveCfg = Release|Any CPU
		{5C7BB0AD-82AF-4DC8-B426-FDB3D1ABE7D3}.AppStore|Any CPU.ActiveCfg = Release|Any CPU
		{5C7BB0AD-82AF-4DC8-B426-FDB3D1ABE7D3}.AppStore|Any CPU.Build.0 = Release|Any CPU
		{5C7BB0AD-82AF-4DC8-B426-FDB3D1ABE7D3}.AppStore|ARM.ActiveCfg = Release|Any CPU
		{5C7BB0AD-82AF-4DC8-B426-FDB3D1ABE7D3}.AppStore|iPhone.ActiveCfg = Release|Any CPU
		{5C7BB0AD-82AF-4DC8-B426-FDB3D1ABE7D3}.AppStore|iPhoneSimulator.ActiveCfg = Release|Any CPU
		{5C7BB0AD-82AF-4DC8-B426-FDB3D1ABE7D3}.AppStore|Mixed Platforms.ActiveCfg = Release|Any CPU
		{5C7BB0AD-82AF-4DC8-B426-FDB3D1ABE7D3}.AppStore|Mixed Platforms.Build.0 = Release|Any CPU
		{5C7BB0AD-82AF-4DC8-B426-FDB3D1ABE7D3}.AppStore|x64.ActiveCfg = Release|Any CPU
		{5C7BB0AD-82AF-4DC8-B426-FDB3D1ABE7D3}.AppStore|x86.ActiveCfg = Release|Any CPU
		{5C7BB0AD-82AF-4DC8-B426-FDB3D1ABE7D3}.Debug|Any CPU.ActiveCfg = Debug|Any CPU
		{5C7BB0AD-82AF-4DC8-B426-FDB3D1ABE7D3}.Debug|Any CPU.Build.0 = Debug|Any CPU
		{5C7BB0AD-82AF-4DC8-B426-FDB3D1ABE7D3}.Debug|ARM.ActiveCfg = Debug|Any CPU
		{5C7BB0AD-82AF-4DC8-B426-FDB3D1ABE7D3}.Debug|iPhone.ActiveCfg = Debug|Any CPU
		{5C7BB0AD-82AF-4DC8-B426-FDB3D1ABE7D3}.Debug|iPhoneSimulator.ActiveCfg = Debug|Any CPU
		{5C7BB0AD-82AF-4DC8-B426-FDB3D1ABE7D3}.Debug|Mixed Platforms.ActiveCfg = Debug|Any CPU
		{5C7BB0AD-82AF-4DC8-B426-FDB3D1ABE7D3}.Debug|Mixed Platforms.Build.0 = Debug|Any CPU
		{5C7BB0AD-82AF-4DC8-B426-FDB3D1ABE7D3}.Debug|x64.ActiveCfg = Debug|Any CPU
		{5C7BB0AD-82AF-4DC8-B426-FDB3D1ABE7D3}.Debug|x86.ActiveCfg = Debug|Any CPU
		{5C7BB0AD-82AF-4DC8-B426-FDB3D1ABE7D3}.Release|Any CPU.ActiveCfg = Release|Any CPU
		{5C7BB0AD-82AF-4DC8-B426-FDB3D1ABE7D3}.Release|Any CPU.Build.0 = Release|Any CPU
		{5C7BB0AD-82AF-4DC8-B426-FDB3D1ABE7D3}.Release|ARM.ActiveCfg = Release|Any CPU
		{5C7BB0AD-82AF-4DC8-B426-FDB3D1ABE7D3}.Release|iPhone.ActiveCfg = Release|Any CPU
		{5C7BB0AD-82AF-4DC8-B426-FDB3D1ABE7D3}.Release|iPhoneSimulator.ActiveCfg = Release|Any CPU
		{5C7BB0AD-82AF-4DC8-B426-FDB3D1ABE7D3}.Release|Mixed Platforms.ActiveCfg = Release|Any CPU
		{5C7BB0AD-82AF-4DC8-B426-FDB3D1ABE7D3}.Release|Mixed Platforms.Build.0 = Release|Any CPU
		{5C7BB0AD-82AF-4DC8-B426-FDB3D1ABE7D3}.Release|x64.ActiveCfg = Release|Any CPU
		{5C7BB0AD-82AF-4DC8-B426-FDB3D1ABE7D3}.Release|x86.ActiveCfg = Release|Any CPU
		{208C114C-F90D-48DD-AB97-55F2E26FB22E}.Ad-Hoc|Any CPU.ActiveCfg = Release|Any CPU
		{208C114C-F90D-48DD-AB97-55F2E26FB22E}.Ad-Hoc|Any CPU.Build.0 = Release|Any CPU
		{208C114C-F90D-48DD-AB97-55F2E26FB22E}.Ad-Hoc|ARM.ActiveCfg = Release|Any CPU
		{208C114C-F90D-48DD-AB97-55F2E26FB22E}.Ad-Hoc|iPhone.ActiveCfg = Release|Any CPU
		{208C114C-F90D-48DD-AB97-55F2E26FB22E}.Ad-Hoc|iPhoneSimulator.ActiveCfg = Release|Any CPU
		{208C114C-F90D-48DD-AB97-55F2E26FB22E}.Ad-Hoc|Mixed Platforms.ActiveCfg = Release|Any CPU
		{208C114C-F90D-48DD-AB97-55F2E26FB22E}.Ad-Hoc|Mixed Platforms.Build.0 = Release|Any CPU
		{208C114C-F90D-48DD-AB97-55F2E26FB22E}.Ad-Hoc|x64.ActiveCfg = Release|Any CPU
		{208C114C-F90D-48DD-AB97-55F2E26FB22E}.Ad-Hoc|x86.ActiveCfg = Release|Any CPU
		{208C114C-F90D-48DD-AB97-55F2E26FB22E}.AppStore|Any CPU.ActiveCfg = Release|Any CPU
		{208C114C-F90D-48DD-AB97-55F2E26FB22E}.AppStore|Any CPU.Build.0 = Release|Any CPU
		{208C114C-F90D-48DD-AB97-55F2E26FB22E}.AppStore|ARM.ActiveCfg = Release|Any CPU
		{208C114C-F90D-48DD-AB97-55F2E26FB22E}.AppStore|iPhone.ActiveCfg = Release|Any CPU
		{208C114C-F90D-48DD-AB97-55F2E26FB22E}.AppStore|iPhoneSimulator.ActiveCfg = Release|Any CPU
		{208C114C-F90D-48DD-AB97-55F2E26FB22E}.AppStore|Mixed Platforms.ActiveCfg = Release|Any CPU
		{208C114C-F90D-48DD-AB97-55F2E26FB22E}.AppStore|Mixed Platforms.Build.0 = Release|Any CPU
		{208C114C-F90D-48DD-AB97-55F2E26FB22E}.AppStore|x64.ActiveCfg = Release|Any CPU
		{208C114C-F90D-48DD-AB97-55F2E26FB22E}.AppStore|x86.ActiveCfg = Release|Any CPU
		{208C114C-F90D-48DD-AB97-55F2E26FB22E}.Debug|Any CPU.ActiveCfg = Debug|Any CPU
		{208C114C-F90D-48DD-AB97-55F2E26FB22E}.Debug|Any CPU.Build.0 = Debug|Any CPU
		{208C114C-F90D-48DD-AB97-55F2E26FB22E}.Debug|ARM.ActiveCfg = Debug|Any CPU
		{208C114C-F90D-48DD-AB97-55F2E26FB22E}.Debug|iPhone.ActiveCfg = Debug|Any CPU
		{208C114C-F90D-48DD-AB97-55F2E26FB22E}.Debug|iPhoneSimulator.ActiveCfg = Debug|Any CPU
		{208C114C-F90D-48DD-AB97-55F2E26FB22E}.Debug|Mixed Platforms.ActiveCfg = Debug|Any CPU
		{208C114C-F90D-48DD-AB97-55F2E26FB22E}.Debug|Mixed Platforms.Build.0 = Debug|Any CPU
		{208C114C-F90D-48DD-AB97-55F2E26FB22E}.Debug|x64.ActiveCfg = Debug|Any CPU
		{208C114C-F90D-48DD-AB97-55F2E26FB22E}.Debug|x86.ActiveCfg = Debug|Any CPU
		{208C114C-F90D-48DD-AB97-55F2E26FB22E}.Release|Any CPU.ActiveCfg = Release|Any CPU
		{208C114C-F90D-48DD-AB97-55F2E26FB22E}.Release|Any CPU.Build.0 = Release|Any CPU
		{208C114C-F90D-48DD-AB97-55F2E26FB22E}.Release|ARM.ActiveCfg = Release|Any CPU
		{208C114C-F90D-48DD-AB97-55F2E26FB22E}.Release|iPhone.ActiveCfg = Release|Any CPU
		{208C114C-F90D-48DD-AB97-55F2E26FB22E}.Release|iPhoneSimulator.ActiveCfg = Release|Any CPU
		{208C114C-F90D-48DD-AB97-55F2E26FB22E}.Release|Mixed Platforms.ActiveCfg = Release|Any CPU
		{208C114C-F90D-48DD-AB97-55F2E26FB22E}.Release|Mixed Platforms.Build.0 = Release|Any CPU
		{208C114C-F90D-48DD-AB97-55F2E26FB22E}.Release|x64.ActiveCfg = Release|Any CPU
		{208C114C-F90D-48DD-AB97-55F2E26FB22E}.Release|x86.ActiveCfg = Release|Any CPU
		{1B35A847-EE13-4A77-8818-326A5B61C3F0}.Ad-Hoc|Any CPU.ActiveCfg = Release|Any CPU
		{1B35A847-EE13-4A77-8818-326A5B61C3F0}.Ad-Hoc|Any CPU.Build.0 = Release|Any CPU
		{1B35A847-EE13-4A77-8818-326A5B61C3F0}.Ad-Hoc|ARM.ActiveCfg = Release|Any CPU
		{1B35A847-EE13-4A77-8818-326A5B61C3F0}.Ad-Hoc|iPhone.ActiveCfg = Release|Any CPU
		{1B35A847-EE13-4A77-8818-326A5B61C3F0}.Ad-Hoc|iPhoneSimulator.ActiveCfg = Release|Any CPU
		{1B35A847-EE13-4A77-8818-326A5B61C3F0}.Ad-Hoc|Mixed Platforms.ActiveCfg = Release|Any CPU
		{1B35A847-EE13-4A77-8818-326A5B61C3F0}.Ad-Hoc|Mixed Platforms.Build.0 = Release|Any CPU
		{1B35A847-EE13-4A77-8818-326A5B61C3F0}.Ad-Hoc|x64.ActiveCfg = Release|Any CPU
		{1B35A847-EE13-4A77-8818-326A5B61C3F0}.Ad-Hoc|x86.ActiveCfg = Release|Any CPU
		{1B35A847-EE13-4A77-8818-326A5B61C3F0}.AppStore|Any CPU.ActiveCfg = Release|Any CPU
		{1B35A847-EE13-4A77-8818-326A5B61C3F0}.AppStore|Any CPU.Build.0 = Release|Any CPU
		{1B35A847-EE13-4A77-8818-326A5B61C3F0}.AppStore|ARM.ActiveCfg = Release|Any CPU
		{1B35A847-EE13-4A77-8818-326A5B61C3F0}.AppStore|iPhone.ActiveCfg = Release|Any CPU
		{1B35A847-EE13-4A77-8818-326A5B61C3F0}.AppStore|iPhoneSimulator.ActiveCfg = Release|Any CPU
		{1B35A847-EE13-4A77-8818-326A5B61C3F0}.AppStore|Mixed Platforms.ActiveCfg = Release|Any CPU
		{1B35A847-EE13-4A77-8818-326A5B61C3F0}.AppStore|Mixed Platforms.Build.0 = Release|Any CPU
		{1B35A847-EE13-4A77-8818-326A5B61C3F0}.AppStore|x64.ActiveCfg = Release|Any CPU
		{1B35A847-EE13-4A77-8818-326A5B61C3F0}.AppStore|x86.ActiveCfg = Release|Any CPU
		{1B35A847-EE13-4A77-8818-326A5B61C3F0}.Debug|Any CPU.ActiveCfg = Debug|Any CPU
		{1B35A847-EE13-4A77-8818-326A5B61C3F0}.Debug|Any CPU.Build.0 = Debug|Any CPU
		{1B35A847-EE13-4A77-8818-326A5B61C3F0}.Debug|ARM.ActiveCfg = Debug|Any CPU
		{1B35A847-EE13-4A77-8818-326A5B61C3F0}.Debug|iPhone.ActiveCfg = Debug|Any CPU
		{1B35A847-EE13-4A77-8818-326A5B61C3F0}.Debug|iPhoneSimulator.ActiveCfg = Debug|Any CPU
		{1B35A847-EE13-4A77-8818-326A5B61C3F0}.Debug|Mixed Platforms.ActiveCfg = Debug|Any CPU
		{1B35A847-EE13-4A77-8818-326A5B61C3F0}.Debug|Mixed Platforms.Build.0 = Debug|Any CPU
		{1B35A847-EE13-4A77-8818-326A5B61C3F0}.Debug|x64.ActiveCfg = Debug|Any CPU
		{1B35A847-EE13-4A77-8818-326A5B61C3F0}.Debug|x86.ActiveCfg = Debug|Any CPU
		{1B35A847-EE13-4A77-8818-326A5B61C3F0}.Release|Any CPU.ActiveCfg = Release|Any CPU
		{1B35A847-EE13-4A77-8818-326A5B61C3F0}.Release|Any CPU.Build.0 = Release|Any CPU
		{1B35A847-EE13-4A77-8818-326A5B61C3F0}.Release|ARM.ActiveCfg = Release|Any CPU
		{1B35A847-EE13-4A77-8818-326A5B61C3F0}.Release|iPhone.ActiveCfg = Release|Any CPU
		{1B35A847-EE13-4A77-8818-326A5B61C3F0}.Release|iPhoneSimulator.ActiveCfg = Release|Any CPU
		{1B35A847-EE13-4A77-8818-326A5B61C3F0}.Release|Mixed Platforms.ActiveCfg = Release|Any CPU
		{1B35A847-EE13-4A77-8818-326A5B61C3F0}.Release|Mixed Platforms.Build.0 = Release|Any CPU
		{1B35A847-EE13-4A77-8818-326A5B61C3F0}.Release|x64.ActiveCfg = Release|Any CPU
		{1B35A847-EE13-4A77-8818-326A5B61C3F0}.Release|x86.ActiveCfg = Release|Any CPU
		{60CB60CD-F269-46F9-A55A-DBD08B4AB6CF}.Ad-Hoc|Any CPU.ActiveCfg = Ad-Hoc|iPhone
		{60CB60CD-F269-46F9-A55A-DBD08B4AB6CF}.Ad-Hoc|ARM.ActiveCfg = Ad-Hoc|iPhone
		{60CB60CD-F269-46F9-A55A-DBD08B4AB6CF}.Ad-Hoc|iPhone.ActiveCfg = Ad-Hoc|iPhone
		{60CB60CD-F269-46F9-A55A-DBD08B4AB6CF}.Ad-Hoc|iPhone.Build.0 = Ad-Hoc|iPhone
		{60CB60CD-F269-46F9-A55A-DBD08B4AB6CF}.Ad-Hoc|iPhone.Deploy.0 = Ad-Hoc|iPhone
		{60CB60CD-F269-46F9-A55A-DBD08B4AB6CF}.Ad-Hoc|iPhoneSimulator.ActiveCfg = Ad-Hoc|iPhoneSimulator
		{60CB60CD-F269-46F9-A55A-DBD08B4AB6CF}.Ad-Hoc|iPhoneSimulator.Build.0 = Ad-Hoc|iPhoneSimulator
		{60CB60CD-F269-46F9-A55A-DBD08B4AB6CF}.Ad-Hoc|iPhoneSimulator.Deploy.0 = Ad-Hoc|iPhoneSimulator
		{60CB60CD-F269-46F9-A55A-DBD08B4AB6CF}.Ad-Hoc|Mixed Platforms.ActiveCfg = Ad-Hoc|iPhone
		{60CB60CD-F269-46F9-A55A-DBD08B4AB6CF}.Ad-Hoc|Mixed Platforms.Build.0 = Ad-Hoc|iPhone
		{60CB60CD-F269-46F9-A55A-DBD08B4AB6CF}.Ad-Hoc|Mixed Platforms.Deploy.0 = Ad-Hoc|iPhone
		{60CB60CD-F269-46F9-A55A-DBD08B4AB6CF}.Ad-Hoc|x64.ActiveCfg = Ad-Hoc|iPhone
		{60CB60CD-F269-46F9-A55A-DBD08B4AB6CF}.Ad-Hoc|x86.ActiveCfg = Ad-Hoc|iPhone
		{60CB60CD-F269-46F9-A55A-DBD08B4AB6CF}.AppStore|Any CPU.ActiveCfg = AppStore|iPhone
		{60CB60CD-F269-46F9-A55A-DBD08B4AB6CF}.AppStore|ARM.ActiveCfg = AppStore|iPhone
		{60CB60CD-F269-46F9-A55A-DBD08B4AB6CF}.AppStore|iPhone.ActiveCfg = AppStore|iPhone
		{60CB60CD-F269-46F9-A55A-DBD08B4AB6CF}.AppStore|iPhone.Build.0 = AppStore|iPhone
		{60CB60CD-F269-46F9-A55A-DBD08B4AB6CF}.AppStore|iPhone.Deploy.0 = AppStore|iPhone
		{60CB60CD-F269-46F9-A55A-DBD08B4AB6CF}.AppStore|iPhoneSimulator.ActiveCfg = AppStore|iPhoneSimulator
		{60CB60CD-F269-46F9-A55A-DBD08B4AB6CF}.AppStore|iPhoneSimulator.Build.0 = AppStore|iPhoneSimulator
		{60CB60CD-F269-46F9-A55A-DBD08B4AB6CF}.AppStore|iPhoneSimulator.Deploy.0 = AppStore|iPhoneSimulator
		{60CB60CD-F269-46F9-A55A-DBD08B4AB6CF}.AppStore|Mixed Platforms.ActiveCfg = AppStore|iPhone
		{60CB60CD-F269-46F9-A55A-DBD08B4AB6CF}.AppStore|Mixed Platforms.Build.0 = AppStore|iPhone
		{60CB60CD-F269-46F9-A55A-DBD08B4AB6CF}.AppStore|Mixed Platforms.Deploy.0 = AppStore|iPhone
		{60CB60CD-F269-46F9-A55A-DBD08B4AB6CF}.AppStore|x64.ActiveCfg = AppStore|iPhone
		{60CB60CD-F269-46F9-A55A-DBD08B4AB6CF}.AppStore|x86.ActiveCfg = AppStore|iPhone
		{60CB60CD-F269-46F9-A55A-DBD08B4AB6CF}.Debug|Any CPU.ActiveCfg = Debug|iPhone
		{60CB60CD-F269-46F9-A55A-DBD08B4AB6CF}.Debug|ARM.ActiveCfg = Debug|iPhone
		{60CB60CD-F269-46F9-A55A-DBD08B4AB6CF}.Debug|iPhone.ActiveCfg = Debug|iPhone
		{60CB60CD-F269-46F9-A55A-DBD08B4AB6CF}.Debug|iPhone.Build.0 = Debug|iPhone
		{60CB60CD-F269-46F9-A55A-DBD08B4AB6CF}.Debug|iPhone.Deploy.0 = Debug|iPhone
		{60CB60CD-F269-46F9-A55A-DBD08B4AB6CF}.Debug|iPhoneSimulator.ActiveCfg = Debug|iPhoneSimulator
		{60CB60CD-F269-46F9-A55A-DBD08B4AB6CF}.Debug|iPhoneSimulator.Build.0 = Debug|iPhoneSimulator
		{60CB60CD-F269-46F9-A55A-DBD08B4AB6CF}.Debug|iPhoneSimulator.Deploy.0 = Debug|iPhoneSimulator
		{60CB60CD-F269-46F9-A55A-DBD08B4AB6CF}.Debug|Mixed Platforms.ActiveCfg = Debug|iPhone
		{60CB60CD-F269-46F9-A55A-DBD08B4AB6CF}.Debug|Mixed Platforms.Build.0 = Debug|iPhone
		{60CB60CD-F269-46F9-A55A-DBD08B4AB6CF}.Debug|Mixed Platforms.Deploy.0 = Debug|iPhone
		{60CB60CD-F269-46F9-A55A-DBD08B4AB6CF}.Debug|x64.ActiveCfg = Debug|iPhone
		{60CB60CD-F269-46F9-A55A-DBD08B4AB6CF}.Debug|x86.ActiveCfg = Debug|iPhone
		{60CB60CD-F269-46F9-A55A-DBD08B4AB6CF}.Release|Any CPU.ActiveCfg = Release|iPhone
		{60CB60CD-F269-46F9-A55A-DBD08B4AB6CF}.Release|ARM.ActiveCfg = Release|iPhone
		{60CB60CD-F269-46F9-A55A-DBD08B4AB6CF}.Release|iPhone.ActiveCfg = Release|iPhone
		{60CB60CD-F269-46F9-A55A-DBD08B4AB6CF}.Release|iPhone.Build.0 = Release|iPhone
		{60CB60CD-F269-46F9-A55A-DBD08B4AB6CF}.Release|iPhone.Deploy.0 = Release|iPhone
		{60CB60CD-F269-46F9-A55A-DBD08B4AB6CF}.Release|iPhoneSimulator.ActiveCfg = Release|iPhoneSimulator
		{60CB60CD-F269-46F9-A55A-DBD08B4AB6CF}.Release|iPhoneSimulator.Build.0 = Release|iPhoneSimulator
		{60CB60CD-F269-46F9-A55A-DBD08B4AB6CF}.Release|iPhoneSimulator.Deploy.0 = Release|iPhoneSimulator
		{60CB60CD-F269-46F9-A55A-DBD08B4AB6CF}.Release|Mixed Platforms.ActiveCfg = Release|iPhone
		{60CB60CD-F269-46F9-A55A-DBD08B4AB6CF}.Release|Mixed Platforms.Build.0 = Release|iPhone
		{60CB60CD-F269-46F9-A55A-DBD08B4AB6CF}.Release|Mixed Platforms.Deploy.0 = Release|iPhone
		{60CB60CD-F269-46F9-A55A-DBD08B4AB6CF}.Release|x64.ActiveCfg = Release|iPhone
		{60CB60CD-F269-46F9-A55A-DBD08B4AB6CF}.Release|x86.ActiveCfg = Release|iPhone
		{54F484E5-27AF-4FD3-880C-4A277ECB999B}.Ad-Hoc|Any CPU.ActiveCfg = Release|Any CPU
		{54F484E5-27AF-4FD3-880C-4A277ECB999B}.Ad-Hoc|Any CPU.Build.0 = Release|Any CPU
		{54F484E5-27AF-4FD3-880C-4A277ECB999B}.Ad-Hoc|Any CPU.Deploy.0 = Release|Any CPU
		{54F484E5-27AF-4FD3-880C-4A277ECB999B}.Ad-Hoc|ARM.ActiveCfg = Release|Any CPU
		{54F484E5-27AF-4FD3-880C-4A277ECB999B}.Ad-Hoc|iPhone.ActiveCfg = Release|Any CPU
		{54F484E5-27AF-4FD3-880C-4A277ECB999B}.Ad-Hoc|iPhoneSimulator.ActiveCfg = Release|Any CPU
		{54F484E5-27AF-4FD3-880C-4A277ECB999B}.Ad-Hoc|Mixed Platforms.ActiveCfg = Release|Any CPU
		{54F484E5-27AF-4FD3-880C-4A277ECB999B}.Ad-Hoc|Mixed Platforms.Build.0 = Release|Any CPU
		{54F484E5-27AF-4FD3-880C-4A277ECB999B}.Ad-Hoc|Mixed Platforms.Deploy.0 = Release|Any CPU
		{54F484E5-27AF-4FD3-880C-4A277ECB999B}.Ad-Hoc|x64.ActiveCfg = Release|Any CPU
		{54F484E5-27AF-4FD3-880C-4A277ECB999B}.Ad-Hoc|x86.ActiveCfg = Release|Any CPU
		{54F484E5-27AF-4FD3-880C-4A277ECB999B}.AppStore|Any CPU.ActiveCfg = Release|Any CPU
		{54F484E5-27AF-4FD3-880C-4A277ECB999B}.AppStore|Any CPU.Build.0 = Release|Any CPU
		{54F484E5-27AF-4FD3-880C-4A277ECB999B}.AppStore|Any CPU.Deploy.0 = Release|Any CPU
		{54F484E5-27AF-4FD3-880C-4A277ECB999B}.AppStore|ARM.ActiveCfg = Release|Any CPU
		{54F484E5-27AF-4FD3-880C-4A277ECB999B}.AppStore|iPhone.ActiveCfg = Release|Any CPU
		{54F484E5-27AF-4FD3-880C-4A277ECB999B}.AppStore|iPhoneSimulator.ActiveCfg = Release|Any CPU
		{54F484E5-27AF-4FD3-880C-4A277ECB999B}.AppStore|Mixed Platforms.ActiveCfg = Release|Any CPU
		{54F484E5-27AF-4FD3-880C-4A277ECB999B}.AppStore|Mixed Platforms.Build.0 = Release|Any CPU
		{54F484E5-27AF-4FD3-880C-4A277ECB999B}.AppStore|Mixed Platforms.Deploy.0 = Release|Any CPU
		{54F484E5-27AF-4FD3-880C-4A277ECB999B}.AppStore|x64.ActiveCfg = Release|Any CPU
		{54F484E5-27AF-4FD3-880C-4A277ECB999B}.AppStore|x86.ActiveCfg = Release|Any CPU
		{54F484E5-27AF-4FD3-880C-4A277ECB999B}.Debug|Any CPU.ActiveCfg = Debug|Any CPU
		{54F484E5-27AF-4FD3-880C-4A277ECB999B}.Debug|Any CPU.Build.0 = Debug|Any CPU
		{54F484E5-27AF-4FD3-880C-4A277ECB999B}.Debug|Any CPU.Deploy.0 = Debug|Any CPU
		{54F484E5-27AF-4FD3-880C-4A277ECB999B}.Debug|ARM.ActiveCfg = Debug|Any CPU
		{54F484E5-27AF-4FD3-880C-4A277ECB999B}.Debug|iPhone.ActiveCfg = Debug|Any CPU
		{54F484E5-27AF-4FD3-880C-4A277ECB999B}.Debug|iPhoneSimulator.ActiveCfg = Debug|Any CPU
		{54F484E5-27AF-4FD3-880C-4A277ECB999B}.Debug|Mixed Platforms.ActiveCfg = Debug|Any CPU
		{54F484E5-27AF-4FD3-880C-4A277ECB999B}.Debug|Mixed Platforms.Build.0 = Debug|Any CPU
		{54F484E5-27AF-4FD3-880C-4A277ECB999B}.Debug|Mixed Platforms.Deploy.0 = Debug|Any CPU
		{54F484E5-27AF-4FD3-880C-4A277ECB999B}.Debug|x64.ActiveCfg = Debug|Any CPU
		{54F484E5-27AF-4FD3-880C-4A277ECB999B}.Debug|x86.ActiveCfg = Debug|Any CPU
		{54F484E5-27AF-4FD3-880C-4A277ECB999B}.Release|Any CPU.ActiveCfg = Release|Any CPU
		{54F484E5-27AF-4FD3-880C-4A277ECB999B}.Release|Any CPU.Build.0 = Release|Any CPU
		{54F484E5-27AF-4FD3-880C-4A277ECB999B}.Release|Any CPU.Deploy.0 = Release|Any CPU
		{54F484E5-27AF-4FD3-880C-4A277ECB999B}.Release|ARM.ActiveCfg = Release|Any CPU
		{54F484E5-27AF-4FD3-880C-4A277ECB999B}.Release|iPhone.ActiveCfg = Release|Any CPU
		{54F484E5-27AF-4FD3-880C-4A277ECB999B}.Release|iPhoneSimulator.ActiveCfg = Release|Any CPU
		{54F484E5-27AF-4FD3-880C-4A277ECB999B}.Release|Mixed Platforms.ActiveCfg = Release|Any CPU
		{54F484E5-27AF-4FD3-880C-4A277ECB999B}.Release|Mixed Platforms.Build.0 = Release|Any CPU
		{54F484E5-27AF-4FD3-880C-4A277ECB999B}.Release|Mixed Platforms.Deploy.0 = Release|Any CPU
		{54F484E5-27AF-4FD3-880C-4A277ECB999B}.Release|x64.ActiveCfg = Release|Any CPU
		{54F484E5-27AF-4FD3-880C-4A277ECB999B}.Release|x86.ActiveCfg = Release|Any CPU
		{39C7985E-50F1-49F4-BE04-2365F8DD28B7}.Ad-Hoc|Any CPU.ActiveCfg = Release|Any CPU
		{39C7985E-50F1-49F4-BE04-2365F8DD28B7}.Ad-Hoc|Any CPU.Build.0 = Release|Any CPU
		{39C7985E-50F1-49F4-BE04-2365F8DD28B7}.Ad-Hoc|Any CPU.Deploy.0 = Release|Any CPU
		{39C7985E-50F1-49F4-BE04-2365F8DD28B7}.Ad-Hoc|ARM.ActiveCfg = Release|ARM
		{39C7985E-50F1-49F4-BE04-2365F8DD28B7}.Ad-Hoc|ARM.Build.0 = Release|ARM
		{39C7985E-50F1-49F4-BE04-2365F8DD28B7}.Ad-Hoc|ARM.Deploy.0 = Release|ARM
		{39C7985E-50F1-49F4-BE04-2365F8DD28B7}.Ad-Hoc|iPhone.ActiveCfg = Release|Any CPU
		{39C7985E-50F1-49F4-BE04-2365F8DD28B7}.Ad-Hoc|iPhoneSimulator.ActiveCfg = Release|Any CPU
		{39C7985E-50F1-49F4-BE04-2365F8DD28B7}.Ad-Hoc|Mixed Platforms.ActiveCfg = Release|x86
		{39C7985E-50F1-49F4-BE04-2365F8DD28B7}.Ad-Hoc|Mixed Platforms.Build.0 = Release|x86
		{39C7985E-50F1-49F4-BE04-2365F8DD28B7}.Ad-Hoc|Mixed Platforms.Deploy.0 = Release|x86
		{39C7985E-50F1-49F4-BE04-2365F8DD28B7}.Ad-Hoc|x64.ActiveCfg = Release|Any CPU
		{39C7985E-50F1-49F4-BE04-2365F8DD28B7}.Ad-Hoc|x86.ActiveCfg = Release|x86
		{39C7985E-50F1-49F4-BE04-2365F8DD28B7}.Ad-Hoc|x86.Build.0 = Release|x86
		{39C7985E-50F1-49F4-BE04-2365F8DD28B7}.Ad-Hoc|x86.Deploy.0 = Release|x86
		{39C7985E-50F1-49F4-BE04-2365F8DD28B7}.AppStore|Any CPU.ActiveCfg = Release|Any CPU
		{39C7985E-50F1-49F4-BE04-2365F8DD28B7}.AppStore|Any CPU.Build.0 = Release|Any CPU
		{39C7985E-50F1-49F4-BE04-2365F8DD28B7}.AppStore|Any CPU.Deploy.0 = Release|Any CPU
		{39C7985E-50F1-49F4-BE04-2365F8DD28B7}.AppStore|ARM.ActiveCfg = Release|ARM
		{39C7985E-50F1-49F4-BE04-2365F8DD28B7}.AppStore|ARM.Build.0 = Release|ARM
		{39C7985E-50F1-49F4-BE04-2365F8DD28B7}.AppStore|ARM.Deploy.0 = Release|ARM
		{39C7985E-50F1-49F4-BE04-2365F8DD28B7}.AppStore|iPhone.ActiveCfg = Release|Any CPU
		{39C7985E-50F1-49F4-BE04-2365F8DD28B7}.AppStore|iPhoneSimulator.ActiveCfg = Release|Any CPU
		{39C7985E-50F1-49F4-BE04-2365F8DD28B7}.AppStore|Mixed Platforms.ActiveCfg = Release|x86
		{39C7985E-50F1-49F4-BE04-2365F8DD28B7}.AppStore|Mixed Platforms.Build.0 = Release|x86
		{39C7985E-50F1-49F4-BE04-2365F8DD28B7}.AppStore|Mixed Platforms.Deploy.0 = Release|x86
		{39C7985E-50F1-49F4-BE04-2365F8DD28B7}.AppStore|x64.ActiveCfg = Release|Any CPU
		{39C7985E-50F1-49F4-BE04-2365F8DD28B7}.AppStore|x86.ActiveCfg = Release|x86
		{39C7985E-50F1-49F4-BE04-2365F8DD28B7}.AppStore|x86.Build.0 = Release|x86
		{39C7985E-50F1-49F4-BE04-2365F8DD28B7}.AppStore|x86.Deploy.0 = Release|x86
		{39C7985E-50F1-49F4-BE04-2365F8DD28B7}.Debug|Any CPU.ActiveCfg = Debug|Any CPU
		{39C7985E-50F1-49F4-BE04-2365F8DD28B7}.Debug|Any CPU.Build.0 = Debug|Any CPU
		{39C7985E-50F1-49F4-BE04-2365F8DD28B7}.Debug|Any CPU.Deploy.0 = Debug|Any CPU
		{39C7985E-50F1-49F4-BE04-2365F8DD28B7}.Debug|ARM.ActiveCfg = Debug|ARM
		{39C7985E-50F1-49F4-BE04-2365F8DD28B7}.Debug|ARM.Build.0 = Debug|ARM
		{39C7985E-50F1-49F4-BE04-2365F8DD28B7}.Debug|ARM.Deploy.0 = Debug|ARM
		{39C7985E-50F1-49F4-BE04-2365F8DD28B7}.Debug|iPhone.ActiveCfg = Debug|Any CPU
		{39C7985E-50F1-49F4-BE04-2365F8DD28B7}.Debug|iPhoneSimulator.ActiveCfg = Debug|Any CPU
		{39C7985E-50F1-49F4-BE04-2365F8DD28B7}.Debug|Mixed Platforms.ActiveCfg = Debug|x86
		{39C7985E-50F1-49F4-BE04-2365F8DD28B7}.Debug|Mixed Platforms.Build.0 = Debug|x86
		{39C7985E-50F1-49F4-BE04-2365F8DD28B7}.Debug|Mixed Platforms.Deploy.0 = Debug|x86
		{39C7985E-50F1-49F4-BE04-2365F8DD28B7}.Debug|x64.ActiveCfg = Debug|Any CPU
		{39C7985E-50F1-49F4-BE04-2365F8DD28B7}.Debug|x86.ActiveCfg = Debug|x86
		{39C7985E-50F1-49F4-BE04-2365F8DD28B7}.Debug|x86.Build.0 = Debug|x86
		{39C7985E-50F1-49F4-BE04-2365F8DD28B7}.Debug|x86.Deploy.0 = Debug|x86
		{39C7985E-50F1-49F4-BE04-2365F8DD28B7}.Release|Any CPU.ActiveCfg = Release|Any CPU
		{39C7985E-50F1-49F4-BE04-2365F8DD28B7}.Release|Any CPU.Build.0 = Release|Any CPU
		{39C7985E-50F1-49F4-BE04-2365F8DD28B7}.Release|Any CPU.Deploy.0 = Release|Any CPU
		{39C7985E-50F1-49F4-BE04-2365F8DD28B7}.Release|ARM.ActiveCfg = Release|ARM
		{39C7985E-50F1-49F4-BE04-2365F8DD28B7}.Release|ARM.Build.0 = Release|ARM
		{39C7985E-50F1-49F4-BE04-2365F8DD28B7}.Release|ARM.Deploy.0 = Release|ARM
		{39C7985E-50F1-49F4-BE04-2365F8DD28B7}.Release|iPhone.ActiveCfg = Release|Any CPU
		{39C7985E-50F1-49F4-BE04-2365F8DD28B7}.Release|iPhoneSimulator.ActiveCfg = Release|Any CPU
		{39C7985E-50F1-49F4-BE04-2365F8DD28B7}.Release|Mixed Platforms.ActiveCfg = Release|x86
		{39C7985E-50F1-49F4-BE04-2365F8DD28B7}.Release|Mixed Platforms.Build.0 = Release|x86
		{39C7985E-50F1-49F4-BE04-2365F8DD28B7}.Release|Mixed Platforms.Deploy.0 = Release|x86
		{39C7985E-50F1-49F4-BE04-2365F8DD28B7}.Release|x64.ActiveCfg = Release|Any CPU
		{39C7985E-50F1-49F4-BE04-2365F8DD28B7}.Release|x86.ActiveCfg = Release|x86
		{39C7985E-50F1-49F4-BE04-2365F8DD28B7}.Release|x86.Build.0 = Release|x86
		{39C7985E-50F1-49F4-BE04-2365F8DD28B7}.Release|x86.Deploy.0 = Release|x86
	EndGlobalSection
	GlobalSection(SolutionProperties) = preSolution
		HideSolutionNode = FALSE
	EndGlobalSection
	GlobalSection(NestedProjects) = preSolution
		{DB5156C4-EE0F-4FA1-942C-D16AC600BEAA} = {EFF741C9-324C-42C2-A89F-E237B8BCD2EB}
		{B74985C5-D805-43C7-B83B-905EAFD94602} = {EFF741C9-324C-42C2-A89F-E237B8BCD2EB}
		{F3CA2D72-C993-4CA5-9481-651824DA64E2} = {130A4E4D-3F80-4CC3-BC7F-7D191F70F853}
		{93FA04F0-783C-4D46-B1F3-B5B48E6D8F36} = {130A4E4D-3F80-4CC3-BC7F-7D191F70F853}
		{5C7BB0AD-82AF-4DC8-B426-FDB3D1ABE7D3} = {ADE63385-3DC0-4695-96AD-36E91315A6FA}
		{208C114C-F90D-48DD-AB97-55F2E26FB22E} = {ADE63385-3DC0-4695-96AD-36E91315A6FA}
		{1B35A847-EE13-4A77-8818-326A5B61C3F0} = {82BBB0DF-E683-4C1B-92B1-154CC2F8DAB5}
		{60CB60CD-F269-46F9-A55A-DBD08B4AB6CF} = {82BBB0DF-E683-4C1B-92B1-154CC2F8DAB5}
		{54F484E5-27AF-4FD3-880C-4A277ECB999B} = {82BBB0DF-E683-4C1B-92B1-154CC2F8DAB5}
		{39C7985E-50F1-49F4-BE04-2365F8DD28B7} = {82BBB0DF-E683-4C1B-92B1-154CC2F8DAB5}
	EndGlobalSection
EndGlobal
